
Microsoft Visual Studio Solution File, Format Version 12.00
# Visual Studio Version 17
VisualStudioVersion = 17.7.34031.279
MinimumVisualStudioVersion = 10.0.40219.1
Project("{FAE04EC0-301F-11D3-BF4B-00C04F79EFBC}") = "api", "api\api.csproj", "{20B3956F-7856-48D7-B2CB-5D31CAE49F1A}"
EndProject
Project("{E24C65DC-7377-472B-9ABA-BC803B73C61A}") = "ui", "ui\", "{F435DC69-0553-4DB8-AF51-D2DC92CA8B62}"
	ProjectSection(WebsiteProperties) = preProject
		TargetFrameworkMoniker = ".NETFramework,Version%3Dv4.0"
		Debug.AspNetCompiler.VirtualPath = "/localhost_64863"
		Debug.AspNetCompiler.PhysicalPath = "ui\"
		Debug.AspNetCompiler.TargetPath = "PrecompiledWeb\localhost_64863\"
		Debug.AspNetCompiler.Updateable = "true"
		Debug.AspNetCompiler.ForceOverwrite = "true"
		Debug.AspNetCompiler.FixedNames = "false"
		Debug.AspNetCompiler.Debug = "True"
		Release.AspNetCompiler.VirtualPath = "/localhost_64863"
		Release.AspNetCompiler.PhysicalPath = "ui\"
		Release.AspNetCompiler.TargetPath = "PrecompiledWeb\localhost_64863\"
		Release.AspNetCompiler.Updateable = "true"
		Release.AspNetCompiler.ForceOverwrite = "true"
		Release.AspNetCompiler.FixedNames = "false"
		Release.AspNetCompiler.Debug = "False"
		VWDPort = "64863"
		SlnRelativePath = "ui\"
	EndProjectSection
EndProject
Global
	GlobalSection(SolutionConfigurationPlatforms) = preSolution
		Debug|Any CPU = Debug|Any CPU
		Release|Any CPU = Release|Any CPU
	EndGlobalSection
	GlobalSection(ProjectConfigurationPlatforms) = postSolution
		{20B3956F-7856-48D7-B2CB-5D31CAE49F1A}.Debug|Any CPU.ActiveCfg = Debug|Any CPU
		{20B3956F-7856-48D7-B2CB-5D31CAE49F1A}.Debug|Any CPU.Build.0 = Debug|Any CPU
		{20B3956F-7856-48D7-B2CB-5D31CAE49F1A}.Release|Any CPU.ActiveCfg = Release|Any CPU
		{20B3956F-7856-48D7-B2CB-5D31CAE49F1A}.Release|Any CPU.Build.0 = Release|Any CPU
		{F435DC69-0553-4DB8-AF51-D2DC92CA8B62}.Debug|Any CPU.ActiveCfg = Debug|Any CPU
		{F435DC69-0553-4DB8-AF51-D2DC92CA8B62}.Debug|Any CPU.Build.0 = Debug|Any CPU
		{F435DC69-0553-4DB8-AF51-D2DC92CA8B62}.Release|Any CPU.ActiveCfg = Debug|Any CPU
		{F435DC69-0553-4DB8-AF51-D2DC92CA8B62}.Release|Any CPU.Build.0 = Debug|Any CPU
	EndGlobalSection
	GlobalSection(SolutionProperties) = preSolution
		HideSolutionNode = FALSE
	EndGlobalSection
	GlobalSection(ExtensibilityGlobals) = postSolution
		SolutionGuid = {E9CE9E50-DE9B-49F6-9640-5BB6DC979648}
	EndGlobalSection
EndGlobal
